// !$*UTF8*$!
{
	archiveVersion = 1;
	classes = {
	};
	objectVersion = 46;
	objects = {

/* Begin PBXBuildFile section */
		EA8761201A39FA740029F91E /* AppDelegate.swift in Sources */ = {isa = PBXBuildFile; fileRef = EA87611F1A39FA740029F91E /* AppDelegate.swift */; };
		EA8761221A39FA740029F91E /* ViewController.swift in Sources */ = {isa = PBXBuildFile; fileRef = EA8761211A39FA740029F91E /* ViewController.swift */; };
		EA8761251A39FA740029F91E /* Main.storyboard in Resources */ = {isa = PBXBuildFile; fileRef = EA8761231A39FA740029F91E /* Main.storyboard */; };
		EA8761271A39FA740029F91E /* Images.xcassets in Resources */ = {isa = PBXBuildFile; fileRef = EA8761261A39FA740029F91E /* Images.xcassets */; };
		EA87612A1A39FA740029F91E /* LaunchScreen.xib in Resources */ = {isa = PBXBuildFile; fileRef = EA8761281A39FA740029F91E /* LaunchScreen.xib */; };
		EA8761361A39FA750029F91E /* _9RedBalloonsTests.swift in Sources */ = {isa = PBXBuildFile; fileRef = EA8761351A39FA750029F91E /* _9RedBalloonsTests.swift */; };
/* End PBXBuildFile section */

/* Begin PBXContainerItemProxy section */
		EA8761301A39FA740029F91E /* PBXContainerItemProxy */ = {
			isa = PBXContainerItemProxy;
			containerPortal = EA8761121A39FA740029F91E /* Project object */;
			proxyType = 1;
			remoteGlobalIDString = EA8761191A39FA740029F91E;
			remoteInfo = 99RedBalloons;
		};
/* End PBXContainerItemProxy section */

/* Begin PBXFileReference section */
		EA87611A1A39FA740029F91E /* 99RedBalloons.app */ = {isa = PBXFileReference; explicitFileType = wrapper.application; includeInIndex = 0; path = 99RedBalloons.app; sourceTree = BUILT_PRODUCTS_DIR; };
		EA87611E1A39FA740029F91E /* Info.plist */ = {isa = PBXFileReference; lastKnownFileType = text.plist.xml; path = Info.plist; sourceTree = "<group>"; };
		EA87611F1A39FA740029F91E /* AppDelegate.swift */ = {isa = PBXFileReference; lastKnownFileType = sourcecode.swift; path = AppDelegate.swift; sourceTree = "<group>"; };
		EA8761211A39FA740029F91E /* ViewController.swift */ = {isa = PBXFileReference; lastKnownFileType = sourcecode.swift; path = ViewController.swift; sourceTree = "<group>"; };
		EA8761241A39FA740029F91E /* Base */ = {isa = PBXFileReference; lastKnownFileType = file.storyboard; name = Base; path = Base.lproj/Main.storyboard; sourceTree = "<group>"; };
		EA8761261A39FA740029F91E /* Images.xcassets */ = {isa = PBXFileReference; lastKnownFileType = folder.assetcatalog; path = Images.xcassets; sourceTree = "<group>"; };
		EA8761291A39FA740029F91E /* Base */ = {isa = PBXFileReference; lastKnownFileType = file.xib; name = Base; path = Base.lproj/LaunchScreen.xib; sourceTree = "<group>"; };
		EA87612F1A39FA740029F91E /* 99RedBalloonsTests.xctest */ = {isa = PBXFileReference; explicitFileType = wrapper.cfbundle; includeInIndex = 0; path = 99RedBalloonsTests.xctest; sourceTree = BUILT_PRODUCTS_DIR; };
		EA8761341A39FA750029F91E /* Info.plist */ = {isa = PBXFileReference; lastKnownFileType = text.plist.xml; path = Info.plist; sourceTree = "<group>"; };
		EA8761351A39FA750029F91E /* _9RedBalloonsTests.swift */ = {isa = PBXFileReference; lastKnownFileType = sourcecode.swift; path = _9RedBalloonsTests.swift; sourceTree = "<group>"; };
/* End PBXFileReference section */

/* Begin PBXFrameworksBuildPhase section */
		EA8761171A39FA740029F91E /* Frameworks */ = {
			isa = PBXFrameworksBuildPhase;
			buildActionMask = 2147483647;
			files = (
			);
			runOnlyForDeploymentPostprocessing = 0;
		};
		EA87612C1A39FA740029F91E /* Frameworks */ = {
			isa = PBXFrameworksBuildPhase;
			buildActionMask = 2147483647;
			files = (
			);
			runOnlyForDeploymentPostprocessing = 0;
		};
/* End PBXFrameworksBuildPhase section */

/* Begin PBXGroup section */
		EA8761111A39FA740029F91E = {
			isa = PBXGroup;
			children = (
				EA87611C1A39FA740029F91E /* 99RedBalloons */,
				EA8761321A39FA750029F91E /* 99RedBalloonsTests */,
				EA87611B1A39FA740029F91E /* Products */,
			);
			sourceTree = "<group>";
		};
		EA87611B1A39FA740029F91E /* Products */ = {
			isa = PBXGroup;
			children = (
				EA87611A1A39FA740029F91E /* 99RedBalloons.app */,
				EA87612F1A39FA740029F91E /* 99RedBalloonsTests.xctest */,
			);
			name = Products;
			sourceTree = "<group>";
		};
		EA87611C1A39FA740029F91E /* 99RedBalloons */ = {
			isa = PBXGroup;
			children = (
				EA87611F1A39FA740029F91E /* AppDelegate.swift */,
				EA8761211A39FA740029F91E /* ViewController.swift */,
				EA8761231A39FA740029F91E /* Main.storyboard */,
				EA8761261A39FA740029F91E /* Images.xcassets */,
				EA8761281A39FA740029F91E /* LaunchScreen.xib */,
				EA87611D1A39FA740029F91E /* Supporting Files */,
			);
			path = 99RedBalloons;
			sourceTree = "<group>";
		};
		EA87611D1A39FA740029F91E /* Supporting Files */ = {
			isa = PBXGroup;
			children = (
				EA87611E1A39FA740029F91E /* Info.plist */,
			);
			name = "Supporting Files";
			sourceTree = "<group>";
		};
		EA8761321A39FA750029F91E /* 99RedBalloonsTests */ = {
			isa = PBXGroup;
			children = (
				EA8761351A39FA750029F91E /* _9RedBalloonsTests.swift */,
				EA8761331A39FA750029F91E /* Supporting Files */,
			);
			path = 99RedBalloonsTests;
			sourceTree = "<group>";
		};
		EA8761331A39FA750029F91E /* Supporting Files */ = {
			isa = PBXGroup;
			children = (
				EA8761341A39FA750029F91E /* Info.plist */,
			);
			name = "Supporting Files";
			sourceTree = "<group>";
		};
/* End PBXGroup section */

/* Begin PBXNativeTarget section */
		EA8761191A39FA740029F91E /* 99RedBalloons */ = {
			isa = PBXNativeTarget;
			buildConfigurationList = EA8761391A39FA750029F91E /* Build configuration list for PBXNativeTarget "99RedBalloons" */;
			buildPhases = (
				EA8761161A39FA740029F91E /* Sources */,
				EA8761171A39FA740029F91E /* Frameworks */,
				EA8761181A39FA740029F91E /* Resources */,
			);
			buildRules = (
			);
			dependencies = (
			);
			name = 99RedBalloons;
			productName = 99RedBalloons;
			productReference = EA87611A1A39FA740029F91E /* 99RedBalloons.app */;
			productType = "com.apple.product-type.application";
		};
		EA87612E1A39FA740029F91E /* 99RedBalloonsTests */ = {
			isa = PBXNativeTarget;
			buildConfigurationList = EA87613C1A39FA750029F91E /* Build configuration list for PBXNativeTarget "99RedBalloonsTests" */;
			buildPhases = (
				EA87612B1A39FA740029F91E /* Sources */,
				EA87612C1A39FA740029F91E /* Frameworks */,
				EA87612D1A39FA740029F91E /* Resources */,
			);
			buildRules = (
			);
			dependencies = (
				EA8761311A39FA740029F91E /* PBXTargetDependency */,
			);
			name = 99RedBalloonsTests;
			productName = 99RedBalloonsTests;
			productReference = EA87612F1A39FA740029F91E /* 99RedBalloonsTests.xctest */;
			productType = "com.apple.product-type.bundle.unit-test";
		};
/* End PBXNativeTarget section */

/* Begin PBXProject section */
		EA8761121A39FA740029F91E /* Project object */ = {
			isa = PBXProject;
			attributes = {
				LastUpgradeCheck = 0610;
				ORGANIZATIONNAME = "Antonio Caravaca Vega";
				TargetAttributes = {
					EA8761191A39FA740029F91E = {
						CreatedOnToolsVersion = 6.1.1;
					};
					EA87612E1A39FA740029F91E = {
						CreatedOnToolsVersion = 6.1.1;
						TestTargetID = EA8761191A39FA740029F91E;
					};
				};
			};
			buildConfigurationList = EA8761151A39FA740029F91E /* Build configuration list for PBXProject "99RedBalloons" */;
			compatibilityVersion = "Xcode 3.2";
			developmentRegion = English;
			hasScannedForEncodings = 0;
			knownRegions = (
				en,
				Base,
			);
			mainGroup = EA8761111A39FA740029F91E;
			productRefGroup = EA87611B1A39FA740029F91E /* Products */;
			projectDirPath = "";
			projectRoot = "";
			targets = (
				EA8761191A39FA740029F91E /* 99RedBalloons */,
				EA87612E1A39FA740029F91E /* 99RedBalloonsTests */,
			);
		};
/* End PBXProject section */

/* Begin PBXResourcesBuildPhase section */
		EA8761181A39FA740029F91E /* Resources */ = {
			isa = PBXResourcesBuildPhase;
			buildActionMask = 2147483647;
			files = (
				EA8761251A39FA740029F91E /* Main.storyboard in Resources */,
				EA87612A1A39FA740029F91E /* LaunchScreen.xib in Resources */,
				EA8761271A39FA740029F91E /* Images.xcassets in Resources */,
			);
			runOnlyForDeploymentPostprocessing = 0;
		};
		EA87612D1A39FA740029F91E /* Resources */ = {
			isa = PBXResourcesBuildPhase;
			buildActionMask = 2147483647;
			files = (
			);
			runOnlyForDeploymentPostprocessing = 0;
		};
/* End PBXResourcesBuildPhase section */

/* Begin PBXSourcesBuildPhase section */
		EA8761161A39FA740029F91E /* Sources */ = {
			isa = PBXSourcesBuildPhase;
			buildActionMask = 2147483647;
			files = (
				EA8761221A39FA740029F91E /* ViewController.swift in Sources */,
				EA8761201A39FA740029F91E /* AppDelegate.swift in Sources */,
			);
			runOnlyForDeploymentPostprocessing = 0;
		};
		EA87612B1A39FA740029F91E /* Sources */ = {
			isa = PBXSourcesBuildPhase;
			buildActionMask = 2147483647;
			files = (
				EA8761361A39FA750029F91E /* _9RedBalloonsTests.swift in Sources */,
			);
			runOnlyForDeploymentPostprocessing = 0;
		};
/* End PBXSourcesBuildPhase section */

/* Begin PBXTargetDependency section */
		EA8761311A39FA740029F91E /* PBXTargetDependency */ = {
			isa = PBXTargetDependency;
			target = EA8761191A39FA740029F91E /* 99RedBalloons */;
			targetProxy = EA8761301A39FA740029F91E /* PBXContainerItemProxy */;
		};
/* End PBXTargetDependency section */

/* Begin PBXVariantGroup section */
		EA8761231A39FA740029F91E /* Main.storyboard */ = {
			isa = PBXVariantGroup;
			children = (
				EA8761241A39FA740029F91E /* Base */,
			);
			name = Main.storyboard;
			sourceTree = "<group>";
		};
		EA8761281A39FA740029F91E /* LaunchScreen.xib */ = {
			isa = PBXVariantGroup;
			children = (
				EA8761291A39FA740029F91E /* Base */,
			);
			name = LaunchScreen.xib;
			sourceTree = "<group>";
		};
/* End PBXVariantGroup section */

/* Begin XCBuildConfiguration section */
		EA8761371A39FA750029F91E /* Debug */ = {
			isa = XCBuildConfiguration;
			buildSettings = {
				ALWAYS_SEARCH_USER_PATHS = NO;
				CLANG_CXX_LANGUAGE_STANDARD = "gnu++0x";
				CLANG_CXX_LIBRARY = "libc++";
				CLANG_ENABLE_MODULES = YES;
				CLANG_ENABLE_OBJC_ARC = YES;
				CLANG_WARN_BOOL_CONVERSION = YES;
				CLANG_WARN_CONSTANT_CONVERSION = YES;
				CLANG_WARN_DIRECT_OBJC_ISA_USAGE = YES_ERROR;
				CLANG_WARN_EMPTY_BODY = YES;
				CLANG_WARN_ENUM_CONVERSION = YES;
				CLANG_WARN_INT_CONVERSION = YES;
				CLANG_WARN_OBJC_ROOT_CLASS = YES_ERROR;
				CLANG_WARN_UNREACHABLE_CODE = YES;
				CLANG_WARN__DUPLICATE_METHOD_MATCH = YES;
				"CODE_SIGN_IDENTITY[sdk=iphoneos*]" = "iPhone Developer";
				COPY_PHASE_STRIP = NO;
				ENABLE_STRICT_OBJC_MSGSEND = YES;
				GCC_C_LANGUAGE_STANDARD = gnu99;
				GCC_DYNAMIC_NO_PIC = NO;
				GCC_OPTIMIZATION_LEVEL = 0;
				GCC_PREPROCESSOR_DEFINITIONS = (
					"DEBUG=1",
					"$(inherited)",
				);
				GCC_SYMBOLS_PRIVATE_EXTERN = NO;
				GCC_WARN_64_TO_32_BIT_CONVERSION = YES;
				GCC_WARN_ABOUT_RETURN_TYPE = YES_ERROR;
				GCC_WARN_UNDECLARED_SELECTOR = YES;
				GCC_WARN_UNINITIALIZED_AUTOS = YES_AGGRESSIVE;
				GCC_WARN_UNUSED_FUNCTION = YES;
				GCC_WARN_UNUSED_VARIABLE = YES;
				IPHONEOS_DEPLOYMENT_TARGET = 8.1;
				MTL_ENABLE_DEBUG_INFO = YES;
				ONLY_ACTIVE_ARCH = YES;
				SDKROOT = iphoneos;
				SWIFT_OPTIMIZATION_LEVEL = "-Onone";
			};
			name = Debug;
		};
		EA8761381A39FA750029F91E /* Release */ = {
			isa = XCBuildConfiguration;
			buildSettings = {
				ALWAYS_SEARCH_USER_PATHS = NO;
				CLANG_CXX_LANGUAGE_STANDARD = "gnu++0x";
				CLANG_CXX_LIBRARY = "libc++";
				CLANG_ENABLE_MODULES = YES;
				CLANG_ENABLE_OBJC_ARC = YES;
				CLANG_WARN_BOOL_CONVERSION = YES;
				CLANG_WARN_CONSTANT_CONVERSION = YES;
				CLANG_WARN_DIRECT_OBJC_ISA_USAGE = YES_ERROR;
				CLANG_WARN_EMPTY_BODY = YES;
				CLANG_WARN_ENUM_CONVERSION = YES;
				CLANG_WARN_INT_CONVERSION = YES;
				CLANG_WARN_OBJC_ROOT_CLASS = YES_ERROR;
				CLANG_WARN_UNREACHABLE_CODE = YES;
				CLANG_WARN__DUPLICATE_METHOD_MATCH = YES;
				"CODE_SIGN_IDENTITY[sdk=iphoneos*]" = "iPhone Developer";
				COPY_PHASE_STRIP = YES;
				ENABLE_NS_ASSERTIONS = NO;
				ENABLE_STRICT_OBJC_MSGSEND = YES;
				GCC_C_LANGUAGE_STANDARD = gnu99;
				GCC_WARN_64_TO_32_BIT_CONVERSION = YES;
				GCC_WARN_ABOUT_RETURN_TYPE = YES_ERROR;
				GCC_WARN_UNDECLARED_SELECTOR = YES;
				GCC_WARN_UNINITIALIZED_AUTOS = YES_AGGRESSIVE;
				GCC_WARN_UNUSED_FUNCTION = YES;
				GCC_WARN_UNUSED_VARIABLE = YES;
				IPHONEOS_DEPLOYMENT_TARGET = 8.1;
				MTL_ENABLE_DEBUG_INFO = NO;
				SDKROOT = iphoneos;
				VALIDATE_PRODUCT = YES;
			};
			name = Release;
		};
		EA87613A1A39FA750029F91E /* Debug */ = {
			isa = XCBuildConfiguration;
			buildSettings = {
				ASSETCATALOG_COMPILER_APPICON_NAME = AppIcon;
				INFOPLIST_FILE = 99RedBalloons/Info.plist;
				LD_RUNPATH_SEARCH_PATHS = "$(inherited) @executable_path/Frameworks";
				PRODUCT_NAME = "$(TARGET_NAME)";
			};
			name = Debug;
		};
		EA87613B1A39FA750029F91E /* Release */ = {
			isa = XCBuildConfiguration;
			buildSettings = {
				ASSETCATALOG_COMPILER_APPICON_NAME = AppIcon;
				INFOPLIST_FILE = 99RedBalloons/Info.plist;
				LD_RUNPATH_SEARCH_PATHS = "$(inherited) @executable_path/Frameworks";
				PRODUCT_NAME = "$(TARGET_NAME)";
			};
			name = Release;
		};
		EA87613D1A39FA750029F91E /* Debug */ = {
			isa = XCBuildConfiguration;
			buildSettings = {
				BUNDLE_LOADER = "$(TEST_HOST)";
				FRAMEWORK_SEARCH_PATHS = (
					"$(SDKROOT)/Developer/Library/Frameworks",
					"$(inherited)",
				);
				GCC_PREPROCESSOR_DEFINITIONS = (
					"DEBUG=1",
					"$(inherited)",
				);
				INFOPLIST_FILE = 99RedBalloonsTests/Info.plist;
				LD_RUNPATH_SEARCH_PATHS = "$(inherited) @executable_path/Frameworks @loader_path/Frameworks";
				PRODUCT_NAME = "$(TARGET_NAME)";
				TEST_HOST = "$(BUILT_PRODUCTS_DIR)/99RedBalloons.app/99RedBalloons";
			};
			name = Debug;
		};
		EA87613E1A39FA750029F91E /* Release */ = {
			isa = XCBuildConfiguration;
			buildSettings = {
				BUNDLE_LOADER = "$(TEST_HOST)";
				FRAMEWORK_SEARCH_PATHS = (
					"$(SDKROOT)/Developer/Library/Frameworks",
					"$(inherited)",
				);
				INFOPLIST_FILE = 99RedBalloonsTests/Info.plist;
				LD_RUNPATH_SEARCH_PATHS = "$(inherited) @executable_path/Frameworks @loader_path/Frameworks";
				PRODUCT_NAME = "$(TARGET_NAME)";
				TEST_HOST = "$(BUILT_PRODUCTS_DIR)/99RedBalloons.app/99RedBalloons";
			};
			name = Release;
		};
/* End XCBuildConfiguration section */

/* Begin XCConfigurationList section */
		EA8761151A39FA740029F91E /* Build configuration list for PBXProject "99RedBalloons" */ = {
			isa = XCConfigurationList;
			buildConfigurations = (
				EA8761371A39FA750029F91E /* Debug */,
				EA8761381A39FA750029F91E /* Release */,
			);
			defaultConfigurationIsVisible = 0;
			defaultConfigurationName = Release;
		};
		EA8761391A39FA750029F91E /* Build configuration list for PBXNativeTarget "99RedBalloons" */ = {
			isa = XCConfigurationList;
			buildConfigurations = (
				EA87613A1A39FA750029F91E /* Debug */,
				EA87613B1A39FA750029F91E /* Release */,
			);
			defaultConfigurationIsVisible = 0;
		};
		EA87613C1A39FA750029F91E /* Build configuration list for PBXNativeTarget "99RedBalloonsTests" */ = {
			isa = XCConfigurationList;
			buildConfigurations = (
				EA87613D1A39FA750029F91E /* Debug */,
				EA87613E1A39FA750029F91E /* Release */,
			);
			defaultConfigurationIsVisible = 0;
		};
/* End XCConfigurationList section */
	};
	rootObject = EA8761121A39FA740029F91E /* Project object */;
}
